// !$*UTF8*$!
{
	archiveVersion = 1;
	classes = {
	};
	objectVersion = 46;
	objects = {

/* Begin PBXBuildFile section */
		6E441ED41ECFF0D500355E62 /* main.m in Sources */ = {isa = PBXBuildFile; fileRef = 6E441ED31ECFF0D500355E62 /* main.m */; };
		6E441ED71ECFF0D500355E62 /* AppDelegate.m in Sources */ = {isa = PBXBuildFile; fileRef = 6E441ED61ECFF0D500355E62 /* AppDelegate.m */; };
		6E441EDA1ECFF0D500355E62 /* ViewController.m in Sources */ = {isa = PBXBuildFile; fileRef = 6E441ED91ECFF0D500355E62 /* ViewController.m */; };
		6E441EDD1ECFF0D500355E62 /* Main.storyboard in Resources */ = {isa = PBXBuildFile; fileRef = 6E441EDB1ECFF0D500355E62 /* Main.storyboard */; };
		6E441EDF1ECFF0D500355E62 /* Assets.xcassets in Resources */ = {isa = PBXBuildFile; fileRef = 6E441EDE1ECFF0D500355E62 /* Assets.xcassets */; };
		6E441EE21ECFF0D500355E62 /* LaunchScreen.storyboard in Resources */ = {isa = PBXBuildFile; fileRef = 6E441EE01ECFF0D500355E62 /* LaunchScreen.storyboard */; };
		6E441EED1ECFF0D500355E62 /* ch6_1Tests.m in Sources */ = {isa = PBXBuildFile; fileRef = 6E441EEC1ECFF0D500355E62 /* ch6_1Tests.m */; };
		6E441EF81ECFF0D500355E62 /* ch6_1UITests.m in Sources */ = {isa = PBXBuildFile; fileRef = 6E441EF71ECFF0D500355E62 /* ch6_1UITests.m */; };
/* End PBXBuildFile section */

/* Begin PBXContainerItemProxy section */
		6E441EE91ECFF0D500355E62 /* PBXContainerItemProxy */ = {
			isa = PBXContainerItemProxy;
			containerPortal = 6E441EC71ECFF0D500355E62 /* Project object */;
			proxyType = 1;
			remoteGlobalIDString = 6E441ECE1ECFF0D500355E62;
			remoteInfo = "ch6-1";
		};
		6E441EF41ECFF0D500355E62 /* PBXContainerItemProxy */ = {
			isa = PBXContainerItemProxy;
			containerPortal = 6E441EC71ECFF0D500355E62 /* Project object */;
			proxyType = 1;
			remoteGlobalIDString = 6E441ECE1ECFF0D500355E62;
			remoteInfo = "ch6-1";
		};
/* End PBXContainerItemProxy section */

/* Begin PBXFileReference section */
		6E441ECF1ECFF0D500355E62 /* ch6-1.app */ = {isa = PBXFileReference; explicitFileType = wrapper.application; includeInIndex = 0; path = "ch6-1.app"; sourceTree = BUILT_PRODUCTS_DIR; };
		6E441ED31ECFF0D500355E62 /* main.m */ = {isa = PBXFileReference; lastKnownFileType = sourcecode.c.objc; path = main.m; sourceTree = "<group>"; };
		6E441ED51ECFF0D500355E62 /* AppDelegate.h */ = {isa = PBXFileReference; lastKnownFileType = sourcecode.c.h; path = AppDelegate.h; sourceTree = "<group>"; };
		6E441ED61ECFF0D500355E62 /* AppDelegate.m */ = {isa = PBXFileReference; lastKnownFileType = sourcecode.c.objc; path = AppDelegate.m; sourceTree = "<group>"; };
		6E441ED81ECFF0D500355E62 /* ViewController.h */ = {isa = PBXFileReference; lastKnownFileType = sourcecode.c.h; path = ViewController.h; sourceTree = "<group>"; };
		6E441ED91ECFF0D500355E62 /* ViewController.m */ = {isa = PBXFileReference; lastKnownFileType = sourcecode.c.objc; path = ViewController.m; sourceTree = "<group>"; };
		6E441EDC1ECFF0D500355E62 /* Base */ = {isa = PBXFileReference; lastKnownFileType = file.storyboard; name = Base; path = Base.lproj/Main.storyboard; sourceTree = "<group>"; };
		6E441EDE1ECFF0D500355E62 /* Assets.xcassets */ = {isa = PBXFileReference; lastKnownFileType = folder.assetcatalog; path = Assets.xcassets; sourceTree = "<group>"; };
		6E441EE11ECFF0D500355E62 /* Base */ = {isa = PBXFileReference; lastKnownFileType = file.storyboard; name = Base; path = Base.lproj/LaunchScreen.storyboard; sourceTree = "<group>"; };
		6E441EE31ECFF0D500355E62 /* Info.plist */ = {isa = PBXFileReference; lastKnownFileType = text.plist.xml; path = Info.plist; sourceTree = "<group>"; };
		6E441EE81ECFF0D500355E62 /* ch6-1Tests.xctest */ = {isa = PBXFileReference; explicitFileType = wrapper.cfbundle; includeInIndex = 0; path = "ch6-1Tests.xctest"; sourceTree = BUILT_PRODUCTS_DIR; };
		6E441EEC1ECFF0D500355E62 /* ch6_1Tests.m */ = {isa = PBXFileReference; lastKnownFileType = sourcecode.c.objc; path = ch6_1Tests.m; sourceTree = "<group>"; };
		6E441EEE1ECFF0D500355E62 /* Info.plist */ = {isa = PBXFileReference; lastKnownFileType = text.plist.xml; path = Info.plist; sourceTree = "<group>"; };
		6E441EF31ECFF0D500355E62 /* ch6-1UITests.xctest */ = {isa = PBXFileReference; explicitFileType = wrapper.cfbundle; includeInIndex = 0; path = "ch6-1UITests.xctest"; sourceTree = BUILT_PRODUCTS_DIR; };
		6E441EF71ECFF0D500355E62 /* ch6_1UITests.m */ = {isa = PBXFileReference; lastKnownFileType = sourcecode.c.objc; path = ch6_1UITests.m; sourceTree = "<group>"; };
		6E441EF91ECFF0D500355E62 /* Info.plist */ = {isa = PBXFileReference; lastKnownFileType = text.plist.xml; path = Info.plist; sourceTree = "<group>"; };
/* End PBXFileReference section */

/* Begin PBXFrameworksBuildPhase section */
		6E441ECC1ECFF0D500355E62 /* Frameworks */ = {
			isa = PBXFrameworksBuildPhase;
			buildActionMask = 2147483647;
			files = (
			);
			runOnlyForDeploymentPostprocessing = 0;
		};
		6E441EE51ECFF0D500355E62 /* Frameworks */ = {
			isa = PBXFrameworksBuildPhase;
			buildActionMask = 2147483647;
			files = (
			);
			runOnlyForDeploymentPostprocessing = 0;
		};
		6E441EF01ECFF0D500355E62 /* Frameworks */ = {
			isa = PBXFrameworksBuildPhase;
			buildActionMask = 2147483647;
			files = (
			);
			runOnlyForDeploymentPostprocessing = 0;
		};
/* End PBXFrameworksBuildPhase section */

/* Begin PBXGroup section */
		6E441EC61ECFF0D500355E62 = {
			isa = PBXGroup;
			children = (
				6E441ED11ECFF0D500355E62 /* ch6-1 */,
				6E441EEB1ECFF0D500355E62 /* ch6-1Tests */,
				6E441EF61ECFF0D500355E62 /* ch6-1UITests */,
				6E441ED01ECFF0D500355E62 /* Products */,
			);
			sourceTree = "<group>";
		};
		6E441ED01ECFF0D500355E62 /* Products */ = {
			isa = PBXGroup;
			children = (
				6E441ECF1ECFF0D500355E62 /* ch6-1.app */,
				6E441EE81ECFF0D500355E62 /* ch6-1Tests.xctest */,
				6E441EF31ECFF0D500355E62 /* ch6-1UITests.xctest */,
			);
			name = Products;
			sourceTree = "<group>";
		};
		6E441ED11ECFF0D500355E62 /* ch6-1 */ = {
			isa = PBXGroup;
			children = (
				6E441ED51ECFF0D500355E62 /* AppDelegate.h */,
				6E441ED61ECFF0D500355E62 /* AppDelegate.m */,
				6E441ED81ECFF0D500355E62 /* ViewController.h */,
				6E441ED91ECFF0D500355E62 /* ViewController.m */,
				6E441EDB1ECFF0D500355E62 /* Main.storyboard */,
				6E441EDE1ECFF0D500355E62 /* Assets.xcassets */,
				6E441EE01ECFF0D500355E62 /* LaunchScreen.storyboard */,
				6E441EE31ECFF0D500355E62 /* Info.plist */,
				6E441ED21ECFF0D500355E62 /* Supporting Files */,
			);
			path = "ch6-1";
			sourceTree = "<group>";
		};
		6E441ED21ECFF0D500355E62 /* Supporting Files */ = {
			isa = PBXGroup;
			children = (
				6E441ED31ECFF0D500355E62 /* main.m */,
			);
			name = "Supporting Files";
			sourceTree = "<group>";
		};
		6E441EEB1ECFF0D500355E62 /* ch6-1Tests */ = {
			isa = PBXGroup;
			children = (
				6E441EEC1ECFF0D500355E62 /* ch6_1Tests.m */,
				6E441EEE1ECFF0D500355E62 /* Info.plist */,
			);
			path = "ch6-1Tests";
			sourceTree = "<group>";
		};
		6E441EF61ECFF0D500355E62 /* ch6-1UITests */ = {
			isa = PBXGroup;
			children = (
				6E441EF71ECFF0D500355E62 /* ch6_1UITests.m */,
				6E441EF91ECFF0D500355E62 /* Info.plist */,
			);
			path = "ch6-1UITests";
			sourceTree = "<group>";
		};
/* End PBXGroup section */

/* Begin PBXNativeTarget section */
		6E441ECE1ECFF0D500355E62 /* ch6-1 */ = {
			isa = PBXNativeTarget;
			buildConfigurationList = 6E441EFC1ECFF0D500355E62 /* Build configuration list for PBXNativeTarget "ch6-1" */;
			buildPhases = (
				6E441ECB1ECFF0D500355E62 /* Sources */,
				6E441ECC1ECFF0D500355E62 /* Frameworks */,
				6E441ECD1ECFF0D500355E62 /* Resources */,
			);
			buildRules = (
			);
			dependencies = (
			);
			name = "ch6-1";
			productName = "ch6-1";
			productReference = 6E441ECF1ECFF0D500355E62 /* ch6-1.app */;
			productType = "com.apple.product-type.application";
		};
		6E441EE71ECFF0D500355E62 /* ch6-1Tests */ = {
			isa = PBXNativeTarget;
			buildConfigurationList = 6E441EFF1ECFF0D500355E62 /* Build configuration list for PBXNativeTarget "ch6-1Tests" */;
			buildPhases = (
				6E441EE41ECFF0D500355E62 /* Sources */,
				6E441EE51ECFF0D500355E62 /* Frameworks */,
				6E441EE61ECFF0D500355E62 /* Resources */,
			);
			buildRules = (
			);
			dependencies = (
				6E441EEA1ECFF0D500355E62 /* PBXTargetDependency */,
			);
			name = "ch6-1Tests";
			productName = "ch6-1Tests";
			productReference = 6E441EE81ECFF0D500355E62 /* ch6-1Tests.xctest */;
			productType = "com.apple.product-type.bundle.unit-test";
		};
		6E441EF21ECFF0D500355E62 /* ch6-1UITests */ = {
			isa = PBXNativeTarget;
			buildConfigurationList = 6E441F021ECFF0D500355E62 /* Build configuration list for PBXNativeTarget "ch6-1UITests" */;
			buildPhases = (
				6E441EEF1ECFF0D500355E62 /* Sources */,
				6E441EF01ECFF0D500355E62 /* Frameworks */,
				6E441EF11ECFF0D500355E62 /* Resources */,
			);
			buildRules = (
			);
			dependencies = (
				6E441EF51ECFF0D500355E62 /* PBXTargetDependency */,
			);
			name = "ch6-1UITests";
			productName = "ch6-1UITests";
			productReference = 6E441EF31ECFF0D500355E62 /* ch6-1UITests.xctest */;
			productType = "com.apple.product-type.bundle.ui-testing";
		};
/* End PBXNativeTarget section */

/* Begin PBXProject section */
		6E441EC71ECFF0D500355E62 /* Project object */ = {
			isa = PBXProject;
			attributes = {
				LastUpgradeCheck = 0830;
				ORGANIZATIONNAME = wutaotao;
				TargetAttributes = {
					6E441ECE1ECFF0D500355E62 = {
						CreatedOnToolsVersion = 8.3.2;
						DevelopmentTeam = VQ5GJ97852;
						ProvisioningStyle = Automatic;
					};
					6E441EE71ECFF0D500355E62 = {
						CreatedOnToolsVersion = 8.3.2;
						DevelopmentTeam = VQ5GJ97852;
						ProvisioningStyle = Automatic;
						TestTargetID = 6E441ECE1ECFF0D500355E62;
					};
					6E441EF21ECFF0D500355E62 = {
						CreatedOnToolsVersion = 8.3.2;
						DevelopmentTeam = VQ5GJ97852;
						ProvisioningStyle = Automatic;
						TestTargetID = 6E441ECE1ECFF0D500355E62;
					};
				};
			};
			buildConfigurationList = 6E441ECA1ECFF0D500355E62 /* Build configuration list for PBXProject "ch6-1" */;
			compatibilityVersion = "Xcode 3.2";
			developmentRegion = English;
			hasScannedForEncodings = 0;
			knownRegions = (
				en,
				Base,
			);
			mainGroup = 6E441EC61ECFF0D500355E62;
			productRefGroup = 6E441ED01ECFF0D500355E62 /* Products */;
			projectDirPath = "";
			projectRoot = "";
			targets = (
				6E441ECE1ECFF0D500355E62 /* ch6-1 */,
				6E441EE71ECFF0D500355E62 /* ch6-1Tests */,
				6E441EF21ECFF0D500355E62 /* ch6-1UITests */,
			);
		};
/* End PBXProject section */

/* Begin PBXResourcesBuildPhase section */
		6E441ECD1ECFF0D500355E62 /* Resources */ = {
			isa = PBXResourcesBuildPhase;
			buildActionMask = 2147483647;
			files = (
				6E441EE21ECFF0D500355E62 /* LaunchScreen.storyboard in Resources */,
				6E441EDF1ECFF0D500355E62 /* Assets.xcassets in Resources */,
				6E441EDD1ECFF0D500355E62 /* Main.storyboard in Resources */,
			);
			runOnlyForDeploymentPostprocessing = 0;
		};
		6E441EE61ECFF0D500355E62 /* Resources */ = {
			isa = PBXResourcesBuildPhase;
			buildActionMask = 2147483647;
			files = (
			);
			runOnlyForDeploymentPostprocessing = 0;
		};
		6E441EF11ECFF0D500355E62 /* Resources */ = {
			isa = PBXResourcesBuildPhase;
			buildActionMask = 2147483647;
			files = (
			);
			runOnlyForDeploymentPostprocessing = 0;
		};
/* End PBXResourcesBuildPhase section */

/* Begin PBXSourcesBuildPhase section */
		6E441ECB1ECFF0D500355E62 /* Sources */ = {
			isa = PBXSourcesBuildPhase;
			buildActionMask = 2147483647;
			files = (
				6E441EDA1ECFF0D500355E62 /* ViewController.m in Sources */,
				6E441ED71ECFF0D500355E62 /* AppDelegate.m in Sources */,
				6E441ED41ECFF0D500355E62 /* main.m in Sources */,
			);
			runOnlyForDeploymentPostprocessing = 0;
		};
		6E441EE41ECFF0D500355E62 /* Sources */ = {
			isa = PBXSourcesBuildPhase;
			buildActionMask = 2147483647;
			files = (
				6E441EED1ECFF0D500355E62 /* ch6_1Tests.m in Sources */,
			);
			runOnlyForDeploymentPostprocessing = 0;
		};
		6E441EEF1ECFF0D500355E62 /* Sources */ = {
			isa = PBXSourcesBuildPhase;
			buildActionMask = 2147483647;
			files = (
				6E441EF81ECFF0D500355E62 /* ch6_1UITests.m in Sources */,
			);
			runOnlyForDeploymentPostprocessing = 0;
		};
/* End PBXSourcesBuildPhase section */

/* Begin PBXTargetDependency section */
		6E441EEA1ECFF0D500355E62 /* PBXTargetDependency */ = {
			isa = PBXTargetDependency;
			target = 6E441ECE1ECFF0D500355E62 /* ch6-1 */;
			targetProxy = 6E441EE91ECFF0D500355E62 /* PBXContainerItemProxy */;
		};
		6E441EF51ECFF0D500355E62 /* PBXTargetDependency */ = {
			isa = PBXTargetDependency;
			target = 6E441ECE1ECFF0D500355E62 /* ch6-1 */;
			targetProxy = 6E441EF41ECFF0D500355E62 /* PBXContainerItemProxy */;
		};
/* End PBXTargetDependency section */

/* Begin PBXVariantGroup section */
		6E441EDB1ECFF0D500355E62 /* Main.storyboard */ = {
			isa = PBXVariantGroup;
			children = (
				6E441EDC1ECFF0D500355E62 /* Base */,
			);
			name = Main.storyboard;
			sourceTree = "<group>";
		};
		6E441EE01ECFF0D500355E62 /* LaunchScreen.storyboard */ = {
			isa = PBXVariantGroup;
			children = (
				6E441EE11ECFF0D500355E62 /* Base */,
			);
			name = LaunchScreen.storyboard;
			sourceTree = "<group>";
		};
/* End PBXVariantGroup section */

/* Begin XCBuildConfiguration section */
		6E441EFA1ECFF0D500355E62 /* Debug */ = {
			isa = XCBuildConfiguration;
			buildSettings = {
				ALWAYS_SEARCH_USER_PATHS = NO;
				CLANG_ANALYZER_NONNULL = YES;
				CLANG_ANALYZER_NUMBER_OBJECT_CONVERSION = YES_AGGRESSIVE;
				CLANG_CXX_LANGUAGE_STANDARD = "gnu++0x";
				CLANG_CXX_LIBRARY = "libc++";
				CLANG_ENABLE_MODULES = YES;
				CLANG_ENABLE_OBJC_ARC = YES;
				CLANG_WARN_BOOL_CONVERSION = YES;
				CLANG_WARN_CONSTANT_CONVERSION = YES;
				CLANG_WARN_DIRECT_OBJC_ISA_USAGE = YES_ERROR;
				CLANG_WARN_DOCUMENTATION_COMMENTS = YES;
				CLANG_WARN_EMPTY_BODY = YES;
				CLANG_WARN_ENUM_CONVERSION = YES;
				CLANG_WARN_INFINITE_RECURSION = YES;
				CLANG_WARN_INT_CONVERSION = YES;
				CLANG_WARN_OBJC_ROOT_CLASS = YES_ERROR;
				CLANG_WARN_SUSPICIOUS_MOVE = YES;
				CLANG_WARN_UNREACHABLE_CODE = YES;
				CLANG_WARN__DUPLICATE_METHOD_MATCH = YES;
				"CODE_SIGN_IDENTITY[sdk=iphoneos*]" = "iPhone Developer";
				COPY_PHASE_STRIP = NO;
				DEBUG_INFORMATION_FORMAT = dwarf;
				ENABLE_STRICT_OBJC_MSGSEND = YES;
				ENABLE_TESTABILITY = YES;
				GCC_C_LANGUAGE_STANDARD = gnu99;
				GCC_DYNAMIC_NO_PIC = NO;
				GCC_NO_COMMON_BLOCKS = YES;
				GCC_OPTIMIZATION_LEVEL = 0;
				GCC_PREPROCESSOR_DEFINITIONS = (
					"DEBUG=1",
					"$(inherited)",
				);
				GCC_WARN_64_TO_32_BIT_CONVERSION = YES;
				GCC_WARN_ABOUT_RETURN_TYPE = YES_ERROR;
				GCC_WARN_UNDECLARED_SELECTOR = YES;
				GCC_WARN_UNINITIALIZED_AUTOS = YES_AGGRESSIVE;
				GCC_WARN_UNUSED_FUNCTION = YES;
				GCC_WARN_UNUSED_VARIABLE = YES;
				IPHONEOS_DEPLOYMENT_TARGET = 10.3;
				MTL_ENABLE_DEBUG_INFO = YES;
				ONLY_ACTIVE_ARCH = YES;
				SDKROOT = iphoneos;
				TARGETED_DEVICE_FAMILY = "1,2";
			};
			name = Debug;
		};
		6E441EFB1ECFF0D500355E62 /* Release */ = {
			isa = XCBuildConfiguration;
			buildSettings = {
				ALWAYS_SEARCH_USER_PATHS = NO;
				CLANG_ANALYZER_NONNULL = YES;
				CLANG_ANALYZER_NUMBER_OBJECT_CONVERSION = YES_AGGRESSIVE;
				CLANG_CXX_LANGUAGE_STANDARD = "gnu++0x";
				CLANG_CXX_LIBRARY = "libc++";
				CLANG_ENABLE_MODULES = YES;
				CLANG_ENABLE_OBJC_ARC = YES;
				CLANG_WARN_BOOL_CONVERSION = YES;
				CLANG_WARN_CONSTANT_CONVERSION = YES;
				CLANG_WARN_DIRECT_OBJC_ISA_USAGE = YES_ERROR;
				CLANG_WARN_DOCUMENTATION_COMMENTS = YES;
				CLANG_WARN_EMPTY_BODY = YES;
				CLANG_WARN_ENUM_CONVERSION = YES;
				CLANG_WARN_INFINITE_RECURSION = YES;
				CLANG_WARN_INT_CONVERSION = YES;
				CLANG_WARN_OBJC_ROOT_CLASS = YES_ERROR;
				CLANG_WARN_SUSPICIOUS_MOVE = YES;
				CLANG_WARN_UNREACHABLE_CODE = YES;
				CLANG_WARN__DUPLICATE_METHOD_MATCH = YES;
				"CODE_SIGN_IDENTITY[sdk=iphoneos*]" = "iPhone Developer";
				COPY_PHASE_STRIP = NO;
				DEBUG_INFORMATION_FORMAT = "dwarf-with-dsym";
				ENABLE_NS_ASSERTIONS = NO;
				ENABLE_STRICT_OBJC_MSGSEND = YES;
				GCC_C_LANGUAGE_STANDARD = gnu99;
				GCC_NO_COMMON_BLOCKS = YES;
				GCC_WARN_64_TO_32_BIT_CONVERSION = YES;
				GCC_WARN_ABOUT_RETURN_TYPE = YES_ERROR;
				GCC_WARN_UNDECLARED_SELECTOR = YES;
				GCC_WARN_UNINITIALIZED_AUTOS = YES_AGGRESSIVE;
				GCC_WARN_UNUSED_FUNCTION = YES;
				GCC_WARN_UNUSED_VARIABLE = YES;
				IPHONEOS_DEPLOYMENT_TARGET = 10.3;
				MTL_ENABLE_DEBUG_INFO = NO;
				SDKROOT = iphoneos;
				TARGETED_DEVICE_FAMILY = "1,2";
				VALIDATE_PRODUCT = YES;
			};
			name = Release;
		};
		6E441EFD1ECFF0D500355E62 /* Debug */ = {
			isa = XCBuildConfiguration;
			buildSettings = {
				ASSETCATALOG_COMPILER_APPICON_NAME = AppIcon;
				DEVELOPMENT_TEAM = VQ5GJ97852;
				INFOPLIST_FILE = "ch6-1/Info.plist";
				LD_RUNPATH_SEARCH_PATHS = "$(inherited) @executable_path/Frameworks";
				PRODUCT_BUNDLE_IDENTIFIER = "s.ch6-1";
				PRODUCT_NAME = "$(TARGET_NAME)";
			};
			name = Debug;
		};
		6E441EFE1ECFF0D500355E62 /* Release */ = {
			isa = XCBuildConfiguration;
			buildSettings = {
				ASSETCATALOG_COMPILER_APPICON_NAME = AppIcon;
				DEVELOPMENT_TEAM = VQ5GJ97852;
				INFOPLIST_FILE = "ch6-1/Info.plist";
				LD_RUNPATH_SEARCH_PATHS = "$(inherited) @executable_path/Frameworks";
				PRODUCT_BUNDLE_IDENTIFIER = "s.ch6-1";
				PRODUCT_NAME = "$(TARGET_NAME)";
			};
			name = Release;
		};
		6E441F001ECFF0D500355E62 /* Debug */ = {
			isa = XCBuildConfiguration;
			buildSettings = {
				BUNDLE_LOADER = "$(TEST_HOST)";
				DEVELOPMENT_TEAM = VQ5GJ97852;
				INFOPLIST_FILE = "ch6-1Tests/Info.plist";
				LD_RUNPATH_SEARCH_PATHS = "$(inherited) @executable_path/Frameworks @loader_path/Frameworks";
				PRODUCT_BUNDLE_IDENTIFIER = "s.ch6-1Tests";
				PRODUCT_NAME = "$(TARGET_NAME)";
				TEST_HOST = "$(BUILT_PRODUCTS_DIR)/ch6-1.app/ch6-1";
			};
			name = Debug;
		};
		6E441F011ECFF0D500355E62 /* Release */ = {
			isa = XCBuildConfiguration;
			buildSettings = {
				BUNDLE_LOADER = "$(TEST_HOST)";
				DEVELOPMENT_TEAM = VQ5GJ97852;
				INFOPLIST_FILE = "ch6-1Tests/Info.plist";
				LD_RUNPATH_SEARCH_PATHS = "$(inherited) @executable_path/Frameworks @loader_path/Frameworks";
				PRODUCT_BUNDLE_IDENTIFIER = "s.ch6-1Tests";
				PRODUCT_NAME = "$(TARGET_NAME)";
				TEST_HOST = "$(BUILT_PRODUCTS_DIR)/ch6-1.app/ch6-1";
			};
			name = Release;
		};
		6E441F031ECFF0D500355E62 /* Debug */ = {
			isa = XCBuildConfiguration;
			buildSettings = {
				DEVELOPMENT_TEAM = VQ5GJ97852;
				INFOPLIST_FILE = "ch6-1UITests/Info.plist";
				LD_RUNPATH_SEARCH_PATHS = "$(inherited) @executable_path/Frameworks @loader_path/Frameworks";
				PRODUCT_BUNDLE_IDENTIFIER = "s.ch6-1UITests";
				PRODUCT_NAME = "$(TARGET_NAME)";
				TEST_TARGET_NAME = "ch6-1";
			};
			name = Debug;
		};
		6E441F041ECFF0D500355E62 /* Release */ = {
			isa = XCBuildConfiguration;
			buildSettings = {
				DEVELOPMENT_TEAM = VQ5GJ97852;
				INFOPLIST_FILE = "ch6-1UITests/Info.plist";
				LD_RUNPATH_SEARCH_PATHS = "$(inherited) @executable_path/Frameworks @loader_path/Frameworks";
				PRODUCT_BUNDLE_IDENTIFIER = "s.ch6-1UITests";
				PRODUCT_NAME = "$(TARGET_NAME)";
				TEST_TARGET_NAME = "ch6-1";
			};
			name = Release;
		};
/* End XCBuildConfiguration section */

/* Begin XCConfigurationList section */
		6E441ECA1ECFF0D500355E62 /* Build configuration list for PBXProject "ch6-1" */ = {
			isa = XCConfigurationList;
			buildConfigurations = (
				6E441EFA1ECFF0D500355E62 /* Debug */,
				6E441EFB1ECFF0D500355E62 /* Release */,
			);
			defaultConfigurationIsVisible = 0;
			defaultConfigurationName = Release;
		};
		6E441EFC1ECFF0D500355E62 /* Build configuration list for PBXNativeTarget "ch6-1" */ = {
			isa = XCConfigurationList;
			buildConfigurations = (
				6E441EFD1ECFF0D500355E62 /* Debug */,
				6E441EFE1ECFF0D500355E62 /* Release */,
			);
			defaultConfigurationIsVisible = 0;
		};
		6E441EFF1ECFF0D500355E62 /* Build configuration list for PBXNativeTarget "ch6-1Tests" */ = {
			isa = XCConfigurationList;
			buildConfigurations = (
				6E441F001ECFF0D500355E62 /* Debug */,
				6E441F011ECFF0D500355E62 /* Release */,
			);
			defaultConfigurationIsVisible = 0;
		};
		6E441F021ECFF0D500355E62 /* Build configuration list for PBXNativeTarget "ch6-1UITests" */ = {
			isa = XCConfigurationList;
			buildConfigurations = (
				6E441F031ECFF0D500355E62 /* Debug */,
				6E441F041ECFF0D500355E62 /* Release */,
			);
			defaultConfigurationIsVisible = 0;
		};
/* End XCConfigurationList section */
	};
	rootObject = 6E441EC71ECFF0D500355E62 /* Project object */;
}
