// !$*UTF8*$!
{
	archiveVersion = 1;
	classes = {
	};
	objectVersion = 46;
	objects = {

/* Begin PBXBuildFile section */
		6E28A9681F0B253A004496F0 /* AppDelegate.m in Sources */ = {isa = PBXBuildFile; fileRef = 6E28A9671F0B253A004496F0 /* AppDelegate.m */; };
		6E28A96B1F0B253A004496F0 /* main.m in Sources */ = {isa = PBXBuildFile; fileRef = 6E28A96A1F0B253A004496F0 /* main.m */; };
		6E28A96E1F0B253A004496F0 /* ViewController.m in Sources */ = {isa = PBXBuildFile; fileRef = 6E28A96D1F0B253A004496F0 /* ViewController.m */; };
		6E28A9701F0B253A004496F0 /* Assets.xcassets in Resources */ = {isa = PBXBuildFile; fileRef = 6E28A96F1F0B253A004496F0 /* Assets.xcassets */; };
		6E28A9731F0B253A004496F0 /* Main.storyboard in Resources */ = {isa = PBXBuildFile; fileRef = 6E28A9711F0B253A004496F0 /* Main.storyboard */; };
		6E28A97E1F0B253A004496F0 /* usbNotifacationTests.m in Sources */ = {isa = PBXBuildFile; fileRef = 6E28A97D1F0B253A004496F0 /* usbNotifacationTests.m */; };
		6E28A9891F0B253A004496F0 /* usbNotifacationUITests.m in Sources */ = {isa = PBXBuildFile; fileRef = 6E28A9881F0B253A004496F0 /* usbNotifacationUITests.m */; };
		6E28A9991F0B2548004496F0 /* PTUSBHub.m in Sources */ = {isa = PBXBuildFile; fileRef = 6E28A9981F0B2548004496F0 /* PTUSBHub.m */; };
/* End PBXBuildFile section */

/* Begin PBXContainerItemProxy section */
		6E28A97A1F0B253A004496F0 /* PBXContainerItemProxy */ = {
			isa = PBXContainerItemProxy;
			containerPortal = 6E28A95B1F0B253A004496F0 /* Project object */;
			proxyType = 1;
			remoteGlobalIDString = 6E28A9621F0B253A004496F0;
			remoteInfo = usbNotifacation;
		};
		6E28A9851F0B253A004496F0 /* PBXContainerItemProxy */ = {
			isa = PBXContainerItemProxy;
			containerPortal = 6E28A95B1F0B253A004496F0 /* Project object */;
			proxyType = 1;
			remoteGlobalIDString = 6E28A9621F0B253A004496F0;
			remoteInfo = usbNotifacation;
		};
/* End PBXContainerItemProxy section */

/* Begin PBXFileReference section */
		6E28A9631F0B253A004496F0 /* usbNotifacation.app */ = {isa = PBXFileReference; explicitFileType = wrapper.application; includeInIndex = 0; path = usbNotifacation.app; sourceTree = BUILT_PRODUCTS_DIR; };
		6E28A9661F0B253A004496F0 /* AppDelegate.h */ = {isa = PBXFileReference; lastKnownFileType = sourcecode.c.h; path = AppDelegate.h; sourceTree = "<group>"; };
		6E28A9671F0B253A004496F0 /* AppDelegate.m */ = {isa = PBXFileReference; lastKnownFileType = sourcecode.c.objc; path = AppDelegate.m; sourceTree = "<group>"; };
		6E28A96A1F0B253A004496F0 /* main.m */ = {isa = PBXFileReference; lastKnownFileType = sourcecode.c.objc; path = main.m; sourceTree = "<group>"; };
		6E28A96C1F0B253A004496F0 /* ViewController.h */ = {isa = PBXFileReference; lastKnownFileType = sourcecode.c.h; path = ViewController.h; sourceTree = "<group>"; };
		6E28A96D1F0B253A004496F0 /* ViewController.m */ = {isa = PBXFileReference; lastKnownFileType = sourcecode.c.objc; path = ViewController.m; sourceTree = "<group>"; };
		6E28A96F1F0B253A004496F0 /* Assets.xcassets */ = {isa = PBXFileReference; lastKnownFileType = folder.assetcatalog; path = Assets.xcassets; sourceTree = "<group>"; };
		6E28A9721F0B253A004496F0 /* Base */ = {isa = PBXFileReference; lastKnownFileType = file.storyboard; name = Base; path = Base.lproj/Main.storyboard; sourceTree = "<group>"; };
		6E28A9741F0B253A004496F0 /* Info.plist */ = {isa = PBXFileReference; lastKnownFileType = text.plist.xml; path = Info.plist; sourceTree = "<group>"; };
		6E28A9791F0B253A004496F0 /* usbNotifacationTests.xctest */ = {isa = PBXFileReference; explicitFileType = wrapper.cfbundle; includeInIndex = 0; path = usbNotifacationTests.xctest; sourceTree = BUILT_PRODUCTS_DIR; };
		6E28A97D1F0B253A004496F0 /* usbNotifacationTests.m */ = {isa = PBXFileReference; lastKnownFileType = sourcecode.c.objc; path = usbNotifacationTests.m; sourceTree = "<group>"; };
		6E28A97F1F0B253A004496F0 /* Info.plist */ = {isa = PBXFileReference; lastKnownFileType = text.plist.xml; path = Info.plist; sourceTree = "<group>"; };
		6E28A9841F0B253A004496F0 /* usbNotifacationUITests.xctest */ = {isa = PBXFileReference; explicitFileType = wrapper.cfbundle; includeInIndex = 0; path = usbNotifacationUITests.xctest; sourceTree = BUILT_PRODUCTS_DIR; };
		6E28A9881F0B253A004496F0 /* usbNotifacationUITests.m */ = {isa = PBXFileReference; lastKnownFileType = sourcecode.c.objc; path = usbNotifacationUITests.m; sourceTree = "<group>"; };
		6E28A98A1F0B253A004496F0 /* Info.plist */ = {isa = PBXFileReference; lastKnownFileType = text.plist.xml; path = Info.plist; sourceTree = "<group>"; };
		6E28A9961F0B2548004496F0 /* PTPrivate.h */ = {isa = PBXFileReference; fileEncoding = 4; lastKnownFileType = sourcecode.c.h; path = PTPrivate.h; sourceTree = "<group>"; };
		6E28A9971F0B2548004496F0 /* PTUSBHub.h */ = {isa = PBXFileReference; fileEncoding = 4; lastKnownFileType = sourcecode.c.h; path = PTUSBHub.h; sourceTree = "<group>"; };
		6E28A9981F0B2548004496F0 /* PTUSBHub.m */ = {isa = PBXFileReference; fileEncoding = 4; lastKnownFileType = sourcecode.c.objc; path = PTUSBHub.m; sourceTree = "<group>"; };
/* End PBXFileReference section */

/* Begin PBXFrameworksBuildPhase section */
		6E28A9601F0B253A004496F0 /* Frameworks */ = {
			isa = PBXFrameworksBuildPhase;
			buildActionMask = 2147483647;
			files = (
			);
			runOnlyForDeploymentPostprocessing = 0;
		};
		6E28A9761F0B253A004496F0 /* Frameworks */ = {
			isa = PBXFrameworksBuildPhase;
			buildActionMask = 2147483647;
			files = (
			);
			runOnlyForDeploymentPostprocessing = 0;
		};
		6E28A9811F0B253A004496F0 /* Frameworks */ = {
			isa = PBXFrameworksBuildPhase;
			buildActionMask = 2147483647;
			files = (
			);
			runOnlyForDeploymentPostprocessing = 0;
		};
/* End PBXFrameworksBuildPhase section */

/* Begin PBXGroup section */
		6E28A95A1F0B253A004496F0 = {
			isa = PBXGroup;
			children = (
				6E28A9651F0B253A004496F0 /* usbNotifacation */,
				6E28A97C1F0B253A004496F0 /* usbNotifacationTests */,
				6E28A9871F0B253A004496F0 /* usbNotifacationUITests */,
				6E28A9641F0B253A004496F0 /* Products */,
			);
			sourceTree = "<group>";
		};
		6E28A9641F0B253A004496F0 /* Products */ = {
			isa = PBXGroup;
			children = (
				6E28A9631F0B253A004496F0 /* usbNotifacation.app */,
				6E28A9791F0B253A004496F0 /* usbNotifacationTests.xctest */,
				6E28A9841F0B253A004496F0 /* usbNotifacationUITests.xctest */,
			);
			name = Products;
			sourceTree = "<group>";
		};
		6E28A9651F0B253A004496F0 /* usbNotifacation */ = {
			isa = PBXGroup;
			children = (
				6E28A9961F0B2548004496F0 /* PTPrivate.h */,
				6E28A9971F0B2548004496F0 /* PTUSBHub.h */,
				6E28A9981F0B2548004496F0 /* PTUSBHub.m */,
				6E28A9661F0B253A004496F0 /* AppDelegate.h */,
				6E28A9671F0B253A004496F0 /* AppDelegate.m */,
				6E28A96C1F0B253A004496F0 /* ViewController.h */,
				6E28A96D1F0B253A004496F0 /* ViewController.m */,
				6E28A96F1F0B253A004496F0 /* Assets.xcassets */,
				6E28A9711F0B253A004496F0 /* Main.storyboard */,
				6E28A9741F0B253A004496F0 /* Info.plist */,
				6E28A9691F0B253A004496F0 /* Supporting Files */,
			);
			path = usbNotifacation;
			sourceTree = "<group>";
		};
		6E28A9691F0B253A004496F0 /* Supporting Files */ = {
			isa = PBXGroup;
			children = (
				6E28A96A1F0B253A004496F0 /* main.m */,
			);
			name = "Supporting Files";
			sourceTree = "<group>";
		};
		6E28A97C1F0B253A004496F0 /* usbNotifacationTests */ = {
			isa = PBXGroup;
			children = (
				6E28A97D1F0B253A004496F0 /* usbNotifacationTests.m */,
				6E28A97F1F0B253A004496F0 /* Info.plist */,
			);
			path = usbNotifacationTests;
			sourceTree = "<group>";
		};
		6E28A9871F0B253A004496F0 /* usbNotifacationUITests */ = {
			isa = PBXGroup;
			children = (
				6E28A9881F0B253A004496F0 /* usbNotifacationUITests.m */,
				6E28A98A1F0B253A004496F0 /* Info.plist */,
			);
			path = usbNotifacationUITests;
			sourceTree = "<group>";
		};
/* End PBXGroup section */

/* Begin PBXNativeTarget section */
		6E28A9621F0B253A004496F0 /* usbNotifacation */ = {
			isa = PBXNativeTarget;
			buildConfigurationList = 6E28A98D1F0B253A004496F0 /* Build configuration list for PBXNativeTarget "usbNotifacation" */;
			buildPhases = (
				6E28A95F1F0B253A004496F0 /* Sources */,
				6E28A9601F0B253A004496F0 /* Frameworks */,
				6E28A9611F0B253A004496F0 /* Resources */,
			);
			buildRules = (
			);
			dependencies = (
			);
			name = usbNotifacation;
			productName = usbNotifacation;
			productReference = 6E28A9631F0B253A004496F0 /* usbNotifacation.app */;
			productType = "com.apple.product-type.application";
		};
		6E28A9781F0B253A004496F0 /* usbNotifacationTests */ = {
			isa = PBXNativeTarget;
			buildConfigurationList = 6E28A9901F0B253A004496F0 /* Build configuration list for PBXNativeTarget "usbNotifacationTests" */;
			buildPhases = (
				6E28A9751F0B253A004496F0 /* Sources */,
				6E28A9761F0B253A004496F0 /* Frameworks */,
				6E28A9771F0B253A004496F0 /* Resources */,
			);
			buildRules = (
			);
			dependencies = (
				6E28A97B1F0B253A004496F0 /* PBXTargetDependency */,
			);
			name = usbNotifacationTests;
			productName = usbNotifacationTests;
			productReference = 6E28A9791F0B253A004496F0 /* usbNotifacationTests.xctest */;
			productType = "com.apple.product-type.bundle.unit-test";
		};
		6E28A9831F0B253A004496F0 /* usbNotifacationUITests */ = {
			isa = PBXNativeTarget;
			buildConfigurationList = 6E28A9931F0B253A004496F0 /* Build configuration list for PBXNativeTarget "usbNotifacationUITests" */;
			buildPhases = (
				6E28A9801F0B253A004496F0 /* Sources */,
				6E28A9811F0B253A004496F0 /* Frameworks */,
				6E28A9821F0B253A004496F0 /* Resources */,
			);
			buildRules = (
			);
			dependencies = (
				6E28A9861F0B253A004496F0 /* PBXTargetDependency */,
			);
			name = usbNotifacationUITests;
			productName = usbNotifacationUITests;
			productReference = 6E28A9841F0B253A004496F0 /* usbNotifacationUITests.xctest */;
			productType = "com.apple.product-type.bundle.ui-testing";
		};
/* End PBXNativeTarget section */

/* Begin PBXProject section */
		6E28A95B1F0B253A004496F0 /* Project object */ = {
			isa = PBXProject;
			attributes = {
				LastUpgradeCheck = 0830;
				ORGANIZATIONNAME = wutaotao;
				TargetAttributes = {
					6E28A9621F0B253A004496F0 = {
						CreatedOnToolsVersion = 8.3.3;
						DevelopmentTeam = VQ5GJ97852;
						ProvisioningStyle = Automatic;
					};
					6E28A9781F0B253A004496F0 = {
						CreatedOnToolsVersion = 8.3.3;
						DevelopmentTeam = VQ5GJ97852;
						ProvisioningStyle = Automatic;
						TestTargetID = 6E28A9621F0B253A004496F0;
					};
					6E28A9831F0B253A004496F0 = {
						CreatedOnToolsVersion = 8.3.3;
						DevelopmentTeam = VQ5GJ97852;
						ProvisioningStyle = Automatic;
						TestTargetID = 6E28A9621F0B253A004496F0;
					};
				};
			};
			buildConfigurationList = 6E28A95E1F0B253A004496F0 /* Build configuration list for PBXProject "usbNotifacation" */;
			compatibilityVersion = "Xcode 3.2";
			developmentRegion = English;
			hasScannedForEncodings = 0;
			knownRegions = (
				en,
				Base,
			);
			mainGroup = 6E28A95A1F0B253A004496F0;
			productRefGroup = 6E28A9641F0B253A004496F0 /* Products */;
			projectDirPath = "";
			projectRoot = "";
			targets = (
				6E28A9621F0B253A004496F0 /* usbNotifacation */,
				6E28A9781F0B253A004496F0 /* usbNotifacationTests */,
				6E28A9831F0B253A004496F0 /* usbNotifacationUITests */,
			);
		};
/* End PBXProject section */

/* Begin PBXResourcesBuildPhase section */
		6E28A9611F0B253A004496F0 /* Resources */ = {
			isa = PBXResourcesBuildPhase;
			buildActionMask = 2147483647;
			files = (
				6E28A9701F0B253A004496F0 /* Assets.xcassets in Resources */,
				6E28A9731F0B253A004496F0 /* Main.storyboard in Resources */,
			);
			runOnlyForDeploymentPostprocessing = 0;
		};
		6E28A9771F0B253A004496F0 /* Resources */ = {
			isa = PBXResourcesBuildPhase;
			buildActionMask = 2147483647;
			files = (
			);
			runOnlyForDeploymentPostprocessing = 0;
		};
		6E28A9821F0B253A004496F0 /* Resources */ = {
			isa = PBXResourcesBuildPhase;
			buildActionMask = 2147483647;
			files = (
			);
			runOnlyForDeploymentPostprocessing = 0;
		};
/* End PBXResourcesBuildPhase section */

/* Begin PBXSourcesBuildPhase section */
		6E28A95F1F0B253A004496F0 /* Sources */ = {
			isa = PBXSourcesBuildPhase;
			buildActionMask = 2147483647;
			files = (
				6E28A96E1F0B253A004496F0 /* ViewController.m in Sources */,
				6E28A96B1F0B253A004496F0 /* main.m in Sources */,
				6E28A9991F0B2548004496F0 /* PTUSBHub.m in Sources */,
				6E28A9681F0B253A004496F0 /* AppDelegate.m in Sources */,
			);
			runOnlyForDeploymentPostprocessing = 0;
		};
		6E28A9751F0B253A004496F0 /* Sources */ = {
			isa = PBXSourcesBuildPhase;
			buildActionMask = 2147483647;
			files = (
				6E28A97E1F0B253A004496F0 /* usbNotifacationTests.m in Sources */,
			);
			runOnlyForDeploymentPostprocessing = 0;
		};
		6E28A9801F0B253A004496F0 /* Sources */ = {
			isa = PBXSourcesBuildPhase;
			buildActionMask = 2147483647;
			files = (
				6E28A9891F0B253A004496F0 /* usbNotifacationUITests.m in Sources */,
			);
			runOnlyForDeploymentPostprocessing = 0;
		};
/* End PBXSourcesBuildPhase section */

/* Begin PBXTargetDependency section */
		6E28A97B1F0B253A004496F0 /* PBXTargetDependency */ = {
			isa = PBXTargetDependency;
			target = 6E28A9621F0B253A004496F0 /* usbNotifacation */;
			targetProxy = 6E28A97A1F0B253A004496F0 /* PBXContainerItemProxy */;
		};
		6E28A9861F0B253A004496F0 /* PBXTargetDependency */ = {
			isa = PBXTargetDependency;
			target = 6E28A9621F0B253A004496F0 /* usbNotifacation */;
			targetProxy = 6E28A9851F0B253A004496F0 /* PBXContainerItemProxy */;
		};
/* End PBXTargetDependency section */

/* Begin PBXVariantGroup section */
		6E28A9711F0B253A004496F0 /* Main.storyboard */ = {
			isa = PBXVariantGroup;
			children = (
				6E28A9721F0B253A004496F0 /* Base */,
			);
			name = Main.storyboard;
			sourceTree = "<group>";
		};
/* End PBXVariantGroup section */

/* Begin XCBuildConfiguration section */
		6E28A98B1F0B253A004496F0 /* Debug */ = {
			isa = XCBuildConfiguration;
			buildSettings = {
				ALWAYS_SEARCH_USER_PATHS = NO;
				CLANG_ANALYZER_NONNULL = YES;
				CLANG_ANALYZER_NUMBER_OBJECT_CONVERSION = YES_AGGRESSIVE;
				CLANG_CXX_LANGUAGE_STANDARD = "gnu++0x";
				CLANG_CXX_LIBRARY = "libc++";
				CLANG_ENABLE_MODULES = YES;
				CLANG_ENABLE_OBJC_ARC = YES;
				CLANG_WARN_BOOL_CONVERSION = YES;
				CLANG_WARN_CONSTANT_CONVERSION = YES;
				CLANG_WARN_DIRECT_OBJC_ISA_USAGE = YES_ERROR;
				CLANG_WARN_DOCUMENTATION_COMMENTS = YES;
				CLANG_WARN_EMPTY_BODY = YES;
				CLANG_WARN_ENUM_CONVERSION = YES;
				CLANG_WARN_INFINITE_RECURSION = YES;
				CLANG_WARN_INT_CONVERSION = YES;
				CLANG_WARN_OBJC_ROOT_CLASS = YES_ERROR;
				CLANG_WARN_SUSPICIOUS_MOVE = YES;
				CLANG_WARN_UNREACHABLE_CODE = YES;
				CLANG_WARN__DUPLICATE_METHOD_MATCH = YES;
				CODE_SIGN_IDENTITY = "-";
				COPY_PHASE_STRIP = NO;
				DEBUG_INFORMATION_FORMAT = dwarf;
				ENABLE_STRICT_OBJC_MSGSEND = YES;
				ENABLE_TESTABILITY = YES;
				GCC_C_LANGUAGE_STANDARD = gnu99;
				GCC_DYNAMIC_NO_PIC = NO;
				GCC_NO_COMMON_BLOCKS = YES;
				GCC_OPTIMIZATION_LEVEL = 0;
				GCC_PREPROCESSOR_DEFINITIONS = (
					"DEBUG=1",
					"$(inherited)",
				);
				GCC_WARN_64_TO_32_BIT_CONVERSION = YES;
				GCC_WARN_ABOUT_RETURN_TYPE = YES_ERROR;
				GCC_WARN_UNDECLARED_SELECTOR = YES;
				GCC_WARN_UNINITIALIZED_AUTOS = YES_AGGRESSIVE;
				GCC_WARN_UNUSED_FUNCTION = YES;
				GCC_WARN_UNUSED_VARIABLE = YES;
				MACOSX_DEPLOYMENT_TARGET = 10.12;
				MTL_ENABLE_DEBUG_INFO = YES;
				ONLY_ACTIVE_ARCH = YES;
				SDKROOT = macosx;
			};
			name = Debug;
		};
		6E28A98C1F0B253A004496F0 /* Release */ = {
			isa = XCBuildConfiguration;
			buildSettings = {
				ALWAYS_SEARCH_USER_PATHS = NO;
				CLANG_ANALYZER_NONNULL = YES;
				CLANG_ANALYZER_NUMBER_OBJECT_CONVERSION = YES_AGGRESSIVE;
				CLANG_CXX_LANGUAGE_STANDARD = "gnu++0x";
				CLANG_CXX_LIBRARY = "libc++";
				CLANG_ENABLE_MODULES = YES;
				CLANG_ENABLE_OBJC_ARC = YES;
				CLANG_WARN_BOOL_CONVERSION = YES;
				CLANG_WARN_CONSTANT_CONVERSION = YES;
				CLANG_WARN_DIRECT_OBJC_ISA_USAGE = YES_ERROR;
				CLANG_WARN_DOCUMENTATION_COMMENTS = YES;
				CLANG_WARN_EMPTY_BODY = YES;
				CLANG_WARN_ENUM_CONVERSION = YES;
				CLANG_WARN_INFINITE_RECURSION = YES;
				CLANG_WARN_INT_CONVERSION = YES;
				CLANG_WARN_OBJC_ROOT_CLASS = YES_ERROR;
				CLANG_WARN_SUSPICIOUS_MOVE = YES;
				CLANG_WARN_UNREACHABLE_CODE = YES;
				CLANG_WARN__DUPLICATE_METHOD_MATCH = YES;
				CODE_SIGN_IDENTITY = "-";
				COPY_PHASE_STRIP = NO;
				DEBUG_INFORMATION_FORMAT = "dwarf-with-dsym";
				ENABLE_NS_ASSERTIONS = NO;
				ENABLE_STRICT_OBJC_MSGSEND = YES;
				GCC_C_LANGUAGE_STANDARD = gnu99;
				GCC_NO_COMMON_BLOCKS = YES;
				GCC_WARN_64_TO_32_BIT_CONVERSION = YES;
				GCC_WARN_ABOUT_RETURN_TYPE = YES_ERROR;
				GCC_WARN_UNDECLARED_SELECTOR = YES;
				GCC_WARN_UNINITIALIZED_AUTOS = YES_AGGRESSIVE;
				GCC_WARN_UNUSED_FUNCTION = YES;
				GCC_WARN_UNUSED_VARIABLE = YES;
				MACOSX_DEPLOYMENT_TARGET = 10.12;
				MTL_ENABLE_DEBUG_INFO = NO;
				SDKROOT = macosx;
			};
			name = Release;
		};
		6E28A98E1F0B253A004496F0 /* Debug */ = {
			isa = XCBuildConfiguration;
			buildSettings = {
				ASSETCATALOG_COMPILER_APPICON_NAME = AppIcon;
				COMBINE_HIDPI_IMAGES = YES;
				DEVELOPMENT_TEAM = VQ5GJ97852;
				INFOPLIST_FILE = usbNotifacation/Info.plist;
				LD_RUNPATH_SEARCH_PATHS = "$(inherited) @executable_path/../Frameworks";
				PRODUCT_BUNDLE_IDENTIFIER = s.usbNotifacation;
				PRODUCT_NAME = "$(TARGET_NAME)";
			};
			name = Debug;
		};
		6E28A98F1F0B253A004496F0 /* Release */ = {
			isa = XCBuildConfiguration;
			buildSettings = {
				ASSETCATALOG_COMPILER_APPICON_NAME = AppIcon;
				COMBINE_HIDPI_IMAGES = YES;
				DEVELOPMENT_TEAM = VQ5GJ97852;
				INFOPLIST_FILE = usbNotifacation/Info.plist;
				LD_RUNPATH_SEARCH_PATHS = "$(inherited) @executable_path/../Frameworks";
				PRODUCT_BUNDLE_IDENTIFIER = s.usbNotifacation;
				PRODUCT_NAME = "$(TARGET_NAME)";
			};
			name = Release;
		};
		6E28A9911F0B253A004496F0 /* Debug */ = {
			isa = XCBuildConfiguration;
			buildSettings = {
				BUNDLE_LOADER = "$(TEST_HOST)";
				COMBINE_HIDPI_IMAGES = YES;
				DEVELOPMENT_TEAM = VQ5GJ97852;
				INFOPLIST_FILE = usbNotifacationTests/Info.plist;
				LD_RUNPATH_SEARCH_PATHS = "$(inherited) @executable_path/../Frameworks @loader_path/../Frameworks";
				PRODUCT_BUNDLE_IDENTIFIER = s.usbNotifacationTests;
				PRODUCT_NAME = "$(TARGET_NAME)";
				TEST_HOST = "$(BUILT_PRODUCTS_DIR)/usbNotifacation.app/Contents/MacOS/usbNotifacation";
			};
			name = Debug;
		};
		6E28A9921F0B253A004496F0 /* Release */ = {
			isa = XCBuildConfiguration;
			buildSettings = {
				BUNDLE_LOADER = "$(TEST_HOST)";
				COMBINE_HIDPI_IMAGES = YES;
				DEVELOPMENT_TEAM = VQ5GJ97852;
				INFOPLIST_FILE = usbNotifacationTests/Info.plist;
				LD_RUNPATH_SEARCH_PATHS = "$(inherited) @executable_path/../Frameworks @loader_path/../Frameworks";
				PRODUCT_BUNDLE_IDENTIFIER = s.usbNotifacationTests;
				PRODUCT_NAME = "$(TARGET_NAME)";
				TEST_HOST = "$(BUILT_PRODUCTS_DIR)/usbNotifacation.app/Contents/MacOS/usbNotifacation";
			};
			name = Release;
		};
		6E28A9941F0B253A004496F0 /* Debug */ = {
			isa = XCBuildConfiguration;
			buildSettings = {
				COMBINE_HIDPI_IMAGES = YES;
				DEVELOPMENT_TEAM = VQ5GJ97852;
				INFOPLIST_FILE = usbNotifacationUITests/Info.plist;
				LD_RUNPATH_SEARCH_PATHS = "$(inherited) @executable_path/../Frameworks @loader_path/../Frameworks";
				PRODUCT_BUNDLE_IDENTIFIER = s.usbNotifacationUITests;
				PRODUCT_NAME = "$(TARGET_NAME)";
				TEST_TARGET_NAME = usbNotifacation;
			};
			name = Debug;
		};
		6E28A9951F0B253A004496F0 /* Release */ = {
			isa = XCBuildConfiguration;
			buildSettings = {
				COMBINE_HIDPI_IMAGES = YES;
				DEVELOPMENT_TEAM = VQ5GJ97852;
				INFOPLIST_FILE = usbNotifacationUITests/Info.plist;
				LD_RUNPATH_SEARCH_PATHS = "$(inherited) @executable_path/../Frameworks @loader_path/../Frameworks";
				PRODUCT_BUNDLE_IDENTIFIER = s.usbNotifacationUITests;
				PRODUCT_NAME = "$(TARGET_NAME)";
				TEST_TARGET_NAME = usbNotifacation;
			};
			name = Release;
		};
/* End XCBuildConfiguration section */

/* Begin XCConfigurationList section */
		6E28A95E1F0B253A004496F0 /* Build configuration list for PBXProject "usbNotifacation" */ = {
			isa = XCConfigurationList;
			buildConfigurations = (
				6E28A98B1F0B253A004496F0 /* Debug */,
				6E28A98C1F0B253A004496F0 /* Release */,
			);
			defaultConfigurationIsVisible = 0;
			defaultConfigurationName = Release;
		};
		6E28A98D1F0B253A004496F0 /* Build configuration list for PBXNativeTarget "usbNotifacation" */ = {
			isa = XCConfigurationList;
			buildConfigurations = (
				6E28A98E1F0B253A004496F0 /* Debug */,
				6E28A98F1F0B253A004496F0 /* Release */,
			);
			defaultConfigurationIsVisible = 0;
		};
		6E28A9901F0B253A004496F0 /* Build configuration list for PBXNativeTarget "usbNotifacationTests" */ = {
			isa = XCConfigurationList;
			buildConfigurations = (
				6E28A9911F0B253A004496F0 /* Debug */,
				6E28A9921F0B253A004496F0 /* Release */,
			);
			defaultConfigurationIsVisible = 0;
		};
		6E28A9931F0B253A004496F0 /* Build configuration list for PBXNativeTarget "usbNotifacationUITests" */ = {
			isa = XCConfigurationList;
			buildConfigurations = (
				6E28A9941F0B253A004496F0 /* Debug */,
				6E28A9951F0B253A004496F0 /* Release */,
			);
			defaultConfigurationIsVisible = 0;
		};
/* End XCConfigurationList section */
	};
	rootObject = 6E28A95B1F0B253A004496F0 /* Project object */;
}
